version = 1
revision = 3
requires-python = ">=3.14"

[[package]]
name = "aiofiles"
version = "25.1.0"
source = { registry = "https://pypi.org/simple" }
sdist = { url = "https://files.pythonhosted.org/packages/41/c3/534eac40372d8ee36ef40df62ec129bee4fdb5ad9706e58a29be53b2c970/aiofiles-25.1.0.tar.gz", hash = "sha256:a8d728f0a29de45dc521f18f07297428d56992a742f0cd2701ba86e44d23d5b2", size = 46354, upload-time = "2025-10-09T20:51:04.358Z" }
wheels = [
    { url = "https://files.pythonhosted.org/packages/bc/8a/340a1555ae33d7354dbca4faa54948d76d89a27ceef032c8c3bc661d003e/aiofiles-25.1.0-py3-none-any.whl", hash = "sha256:abe311e527c862958650f9438e859c1fa7568a141b22abcd015e120e86a85695", size = 14668, upload-time = "2025-10-09T20:51:03.174Z" },
]

[[package]]
name = "dimatechltd"
version = "0.1.0"
source = { virtual = "." }
dependencies = [
    { name = "sanic" },
]

[package.metadata]
requires-dist = [{ name = "sanic", specifier = ">=25.12.1" }]

[[package]]
name = "html5tagger"
version = "2.0.0"
source = { registry = "https://pypi.org/simple" }
sdist = { url = "https://files.pythonhosted.org/packages/7c/f2/1f61d4a121c5b37018bbd1d4cd010dce42f5b519c7552acd5fac1289635e/html5tagger-2.0.0.tar.gz", hash = "sha256:0dee3c9054443930e9a3225edcc810b6df76c0aeabfee463e9437a90a1ac1624", size = 15383, upload-time = "2026-07-10T01:52:04.747Z" }
wheels = [
    { url = "https://files.pythonhosted.org/packages/41/d7/410f7b8109958405f6fb3d104f094e2a96f9d5b2670de73a68fb1fbc391f/html5tagger-2.0.0-py3-none-any.whl", hash = "sha256:c7a46fa74c81fdbd33b7e4a9630f4d592ec818181fc58702585e9bad0b76f891", size = 17783, upload-time = "2026-07-10T01:52:03.532Z" },
]

[[package]]
name = "httptools"
version = "0.8.0"
source = { registry = "https://pypi.org/simple" }
sdist = { url = "https://files.pythonhosted.org/packages/43/e5/d471fcb0e14523fe1c3f4ba58ca52480e7bd70ad7109a3846bc75892f7fb/httptools-0.8.0.tar.gz", hash = "sha256:6b2a32f18d97e16e90827d7a819ffa8dbd8cc245fc4e1fa9d1095b54ef4bd999", size = 271342, upload-time = "2026-05-25T22:17:48.841Z" }
wheels = [
    { url = "https://files.pythonhosted.org/packages/1a/12/fa3fbf5f9517b273edea2dc982aa82a8c634091e67c590792b729017bc6f/httptools-0.8.0-cp314-cp314-macosx_10_13_universal2.whl", hash = "sha256:de242a49b5d18e0a8776e654e9f6bf6d89f3875a5c35b425a0e7ce940feb3fd6", size = 206183, upload-time = "2026-05-25T22:17:24.004Z" },
    { url = "https://files.pythonhosted.org/packages/30/fc/5e7c4cb443370f2090a3aba0453a07384d29ff66b7435bb90e77e1037599/httptools-0.8.0-cp314-cp314-macosx_11_0_arm64.whl", hash = "sha256:159e9ab5f701ccd42e555a12f1ad8ff69702910fc1c996cf2bb66e5fcb7a231b", size = 112079, upload-time = "2026-05-25T22:17:25.216Z" },
    { url = "https://files.pythonhosted.org/packages/ba/53/771bd891eb0f236f32145d6a1775777ec85745f3cc983a1f23d1a3b8ddfe/httptools-0.8.0-cp314-cp314-manylinux1_x86_64.manylinux_2_28_x86_64.manylinux_2_5_x86_64.whl", hash = "sha256:c4a9f1707e4823d54dfec6c33fa3697d302aed536ed352a7ebb5a061ddb869d0", size = 481596, upload-time = "2026-05-25T22:17:26.186Z" },
    { url = "https://files.pythonhosted.org/packages/62/42/94e15bc68ce3d423243c45d7f1b0c7561f13844f97dc52ae23182fb65628/httptools-0.8.0-cp314-cp314-manylinux2014_aarch64.manylinux_2_17_aarch64.manylinux_2_28_aarch64.whl", hash = "sha256:d76ad7b951387e3632c8716a9bb03ac5b45c5f16119aa409db0459520887944e", size = 480865, upload-time = "2026-05-25T22:17:27.542Z" },
    { url = "https://files.pythonhosted.org/packages/1c/7c/fe2980fc03723272e30f135b62360b075f513dfe7cc73aef36c7f04012bd/httptools-0.8.0-cp314-cp314-musllinux_1_2_aarch64.whl", hash = "sha256:a3b7387147361c3fd47a0bde763c5c91b5b4cd4dc9989b8ece84ff436c99843b", size = 463189, upload-time = "2026-05-25T22:17:28.546Z" },
    { url = "https://files.pythonhosted.org/packages/15/1b/47fc5fff68acd1bfa20b4734059c9a06cadb88119dcd5258b5b0d21d91c8/httptools-0.8.0-cp314-cp314-musllinux_1_2_x86_64.whl", hash = "sha256:f256d6ce930c52ca1cb2a960b7da03548c454e7d28b06059ad41bfe789036ce0", size = 466610, upload-time = "2026-05-25T22:17:29.816Z" },
    { url = "https://files.pythonhosted.org/packages/60/bd/07b13c93ffd9bec9546e0d43f8e19378dd696dbd278511406bc07371ef1f/httptools-0.8.0-cp314-cp314-win_amd64.whl", hash = "sha256:19d1ee275bb59ba2643ba9a3a1e51cc0c788caf2b8df506368e03f56fdd08527", size = 92705, upload-time = "2026-05-25T22:17:31.133Z" },
    { url = "https://files.pythonhosted.org/packages/fd/c4/121648f68ce066d7bd762d6b6d97e620847642d38d54f3d90ff11d947629/httptools-0.8.0-cp314-cp314t-macosx_10_13_universal2.whl", hash = "sha256:de1ed58a974e75d56560acc7e7fed01a454994429456f65209789992e41f2568", size = 215023, upload-time = "2026-05-25T22:17:32.401Z" },
    { url = "https://files.pythonhosted.org/packages/b9/b0/312a062ae741ae3e8baa8c8bf20be81b2e67337b259ab4349bebc7b6142e/httptools-0.8.0-cp314-cp314t-macosx_11_0_arm64.whl", hash = "sha256:e93c227b595c6926c1acee96891dd9da4be338cfbe82e5cd3bb9d8dd7dc4ac0b", size = 117405, upload-time = "2026-05-25T22:17:33.742Z" },
    { url = "https://files.pythonhosted.org/packages/fc/37/fccd705f795386bb05bf413012fecff2a33e5aa8c2f069096de3e9fd8702/httptools-0.8.0-cp314-cp314t-manylinux1_x86_64.manylinux_2_28_x86_64.manylinux_2_5_x86_64.whl", hash = "sha256:2a021c3a8e65cc125390d72f59b968afca3bdcaff25bd67965e0a055a14946ca", size = 558497, upload-time = "2026-05-25T22:17:34.732Z" },
    { url = "https://files.pythonhosted.org/packages/bd/39/f172e8003576de35f5ba77ff417cf0e34429d35dc014deef15afa337a72c/httptools-0.8.0-cp314-cp314t-manylinux2014_aarch64.manylinux_2_17_aarch64.manylinux_2_28_aarch64.whl", hash = "sha256:48774d39cbb70e2b1f71f88852a3087ae1d3a1eb80482bb48c13067ab080c14f", size = 571585, upload-time = "2026-05-25T22:17:35.813Z" },
    { url = "https://files.pythonhosted.org/packages/3e/b9/f5564760af99f3dbbf3f9104dc00e5da27e96cf433c6bdcf77617f70bf3f/httptools-0.8.0-cp314-cp314t-musllinux_1_2_aarch64.whl", hash = "sha256:88eead8ec8680a9f146c655bc88445a325bd7921cfd8194c7337e9467282427d", size = 543297, upload-time = "2026-05-25T22:17:37.08Z" },
    { url = "https://files.pythonhosted.org/packages/99/67/8d9f2c313618e161b82f3873188e7196126da1d6e29688df40eb3997c77a/httptools-0.8.0-cp314-cp314t-musllinux_1_2_x86_64.whl", hash = "sha256:2c032fa028f46871ec7e1fc59fc15e8023eab3e6bbe6ece786a1611719a5d081", size = 539535, upload-time = "2026-05-25T22:17:38.032Z" },
    { url = "https://files.pythonhosted.org/packages/48/63/b906c01e53f50d432c0defe43ce52764a111dc1bdd028bafbeb54dcfd008/httptools-0.8.0-cp314-cp314t-win_amd64.whl", hash = "sha256:384c17174464c8e873398b7af24f0b1f44d992c820328413951a625323155d77", size = 108209, upload-time = "2026-05-25T22:17:39.473Z" },
]

[[package]]
name = "multidict"
version = "6.7.1"
source = { registry = "https://pypi.org/simple" }
sdist = { url = "https://files.pythonhosted.org/packages/1a/c2/c2d94cbe6ac1753f3fc980da97b3d930efe1da3af3c9f5125354436c073d/multidict-6.7.1.tar.gz", hash = "sha256:ec6652a1bee61c53a3e5776b6049172c53b6aaba34f18c9ad04f82712bac623d", size = 102010, upload-time = "2026-01-26T02:46:45.979Z" }
wheels = [
    { url = "https://files.pythonhosted.org/packages/91/cc/db74228a8be41884a567e88a62fd589a913708fcf180d029898c17a9a371/multidict-6.7.1-cp314-cp314-macosx_10_15_universal2.whl", hash = "sha256:8f333ec9c5eb1b7105e3b84b53141e66ca05a19a605368c55450b6ba208cb9ee", size = 75190, upload-time = "2026-01-26T02:45:10.651Z" },
    { url = "https://files.pythonhosted.org/packages/d5/22/492f2246bb5b534abd44804292e81eeaf835388901f0c574bac4eeec73c5/multidict-6.7.1-cp314-cp314-macosx_10_15_x86_64.whl", hash = "sha256:a407f13c188f804c759fc6a9f88286a565c242a76b27626594c133b82883b5c2", size = 44486, upload-time = "2026-01-26T02:45:11.938Z" },
    { url = "https://files.pythonhosted.org/packages/f1/4f/733c48f270565d78b4544f2baddc2fb2a245e5a8640254b12c36ac7ac68e/multidict-6.7.1-cp314-cp314-macosx_11_0_arm64.whl", hash = "sha256:0e161ddf326db5577c3a4cc2d8648f81456e8a20d40415541587a71620d7a7d1", size = 43219, upload-time = "2026-01-26T02:45:14.346Z" },
    { url = "https://files.pythonhosted.org/packages/24/bb/2c0c2287963f4259c85e8bcbba9182ced8d7fca65c780c38e99e61629d11/multidict-6.7.1-cp314-cp314-manylinux1_i686.manylinux_2_28_i686.manylinux_2_5_i686.whl", hash = "sha256:1e3a8bb24342a8201d178c3b4984c26ba81a577c80d4d525727427460a50c22d", size = 245132, upload-time = "2026-01-26T02:45:15.712Z" },
    { url = "https://files.pythonhosted.org/packages/a7/f9/44d4b3064c65079d2467888794dea218d1601898ac50222ab8a9a8094460/multidict-6.7.1-cp314-cp314-manylinux2014_aarch64.manylinux_2_17_aarch64.manylinux_2_28_aarch64.whl", hash = "sha256:97231140a50f5d447d3164f994b86a0bed7cd016e2682f8650d6a9158e14fd31", size = 252420, upload-time = "2026-01-26T02:45:17.293Z" },
    { url = "https://files.pythonhosted.org/packages/8b/13/78f7275e73fa17b24c9a51b0bd9d73ba64bb32d0ed51b02a746eb876abe7/multidict-6.7.1-cp314-cp314-manylinux2014_armv7l.manylinux_2_17_armv7l.manylinux_2_31_armv7l.whl", hash = "sha256:6b10359683bd8806a200fd2909e7c8ca3a7b24ec1d8132e483d58e791d881048", size = 233510, upload-time = "2026-01-26T02:45:19.356Z" },
    { url = "https://files.pythonhosted.org/packages/4b/25/8167187f62ae3cbd52da7893f58cb036b47ea3fb67138787c76800158982/multidict-6.7.1-cp314-cp314-manylinux2014_ppc64le.manylinux_2_17_ppc64le.manylinux_2_28_ppc64le.whl", hash = "sha256:283ddac99f7ac25a4acadbf004cb5ae34480bbeb063520f70ce397b281859362", size = 264094, upload-time = "2026-01-26T02:45:20.834Z" },
    { url = "https://files.pythonhosted.org/packages/a1/e7/69a3a83b7b030cf283fb06ce074a05a02322359783424d7edf0f15fe5022/multidict-6.7.1-cp314-cp314-manylinux2014_s390x.manylinux_2_17_s390x.manylinux_2_28_s390x.whl", hash = "sha256:538cec1e18c067d0e6103aa9a74f9e832904c957adc260e61cd9d8cf0c3b3d37", size = 260786, upload-time = "2026-01-26T02:45:22.818Z" },
    { url = "https://files.pythonhosted.org/packages/fe/3b/8ec5074bcfc450fe84273713b4b0a0dd47c0249358f5d82eb8104ffe2520/multidict-6.7.1-cp314-cp314-manylinux2014_x86_64.manylinux_2_17_x86_64.manylinux_2_28_x86_64.whl", hash = "sha256:7eee46ccb30ff48a1e35bb818cc90846c6be2b68240e42a78599166722cea709", size = 248483, upload-time = "2026-01-26T02:45:24.368Z" },
    { url = "https://files.pythonhosted.org/packages/48/5a/d5a99e3acbca0e29c5d9cba8f92ceb15dce78bab963b308ae692981e3a5d/multidict-6.7.1-cp314-cp314-musllinux_1_2_aarch64.whl", hash = "sha256:fa263a02f4f2dd2d11a7b1bb4362aa7cb1049f84a9235d31adf63f30143469a0", size = 248403, upload-time = "2026-01-26T02:45:25.982Z" },
    { url = "https://files.pythonhosted.org/packages/35/48/e58cd31f6c7d5102f2a4bf89f96b9cf7e00b6c6f3d04ecc44417c00a5a3c/multidict-6.7.1-cp314-cp314-musllinux_1_2_armv7l.whl", hash = "sha256:2e1425e2f99ec5bd36c15a01b690a1a2456209c5deed58f95469ffb46039ccbb", size = 240315, upload-time = "2026-01-26T02:45:27.487Z" },
    { url = "https://files.pythonhosted.org/packages/94/33/1cd210229559cb90b6786c30676bb0c58249ff42f942765f88793b41fdce/multidict-6.7.1-cp314-cp314-musllinux_1_2_i686.whl", hash = "sha256:497394b3239fc6f0e13a78a3e1b61296e72bf1c5f94b4c4eb80b265c37a131cd", size = 245528, upload-time = "2026-01-26T02:45:28.991Z" },
    { url = "https://files.pythonhosted.org/packages/64/f2/6e1107d226278c876c783056b7db43d800bb64c6131cec9c8dfb6903698e/multidict-6.7.1-cp314-cp314-musllinux_1_2_ppc64le.whl", hash = "sha256:233b398c29d3f1b9676b4b6f75c518a06fcb2ea0b925119fb2c1bc35c05e1601", size = 258784, upload-time = "2026-01-26T02:45:30.503Z" },
    { url = "https://files.pythonhosted.org/packages/4d/c1/11f664f14d525e4a1b5327a82d4de61a1db604ab34c6603bb3c2cc63ad34/multidict-6.7.1-cp314-cp314-musllinux_1_2_s390x.whl", hash = "sha256:93b1818e4a6e0930454f0f2af7dfce69307ca03cdcfb3739bf4d91241967b6c1", size = 251980, upload-time = "2026-01-26T02:45:32.603Z" },
    { url = "https://files.pythonhosted.org/packages/e1/9f/75a9ac888121d0c5bbd4ecf4eead45668b1766f6baabfb3b7f66a410e231/multidict-6.7.1-cp314-cp314-musllinux_1_2_x86_64.whl", hash = "sha256:f33dc2a3abe9249ea5d8360f969ec7f4142e7ac45ee7014d8f8d5acddf178b7b", size = 243602, upload-time = "2026-01-26T02:45:34.043Z" },
    { url = "https://files.pythonhosted.org/packages/9a/e7/50bf7b004cc8525d80dbbbedfdc7aed3e4c323810890be4413e589074032/multidict-6.7.1-cp314-cp314-win32.whl", hash = "sha256:3ab8b9d8b75aef9df299595d5388b14530839f6422333357af1339443cff777d", size = 40930, upload-time = "2026-01-26T02:45:36.278Z" },
    { url = "https://files.pythonhosted.org/packages/e0/bf/52f25716bbe93745595800f36fb17b73711f14da59ed0bb2eba141bc9f0f/multidict-6.7.1-cp314-cp314-win_amd64.whl", hash = "sha256:5e01429a929600e7dab7b166062d9bb54a5eed752384c7384c968c2afab8f50f", size = 45074, upload-time = "2026-01-26T02:45:37.546Z" },
    { url = "https://files.pythonhosted.org/packages/97/ab/22803b03285fa3a525f48217963da3a65ae40f6a1b6f6cf2768879e208f9/multidict-6.7.1-cp314-cp314-win_arm64.whl", hash = "sha256:4885cb0e817aef5d00a2e8451d4665c1808378dc27c2705f1bf4ef8505c0d2e5", size = 42471, upload-time = "2026-01-26T02:45:38.889Z" },
    { url = "https://files.pythonhosted.org/packages/e0/6d/f9293baa6146ba9507e360ea0292b6422b016907c393e2f63fc40ab7b7b5/multidict-6.7.1-cp314-cp314t-macosx_10_15_universal2.whl", hash = "sha256:0458c978acd8e6ea53c81eefaddbbee9c6c5e591f41b3f5e8e194780fe026581", size = 82401, upload-time = "2026-01-26T02:45:40.254Z" },
    { url = "https://files.pythonhosted.org/packages/7a/68/53b5494738d83558d87c3c71a486504d8373421c3e0dbb6d0db48ad42ee0/multidict-6.7.1-cp314-cp314t-macosx_10_15_x86_64.whl", hash = "sha256:c0abd12629b0af3cf590982c0b413b1e7395cd4ec026f30986818ab95bfaa94a", size = 48143, upload-time = "2026-01-26T02:45:41.635Z" },
    { url = "https://files.pythonhosted.org/packages/37/e8/5284c53310dcdc99ce5d66563f6e5773531a9b9fe9ec7a615e9bc306b05f/multidict-6.7.1-cp314-cp314t-macosx_11_0_arm64.whl", hash = "sha256:14525a5f61d7d0c94b368a42cff4c9a4e7ba2d52e2672a7b23d84dc86fb02b0c", size = 46507, upload-time = "2026-01-26T02:45:42.99Z" },
    { url = "https://files.pythonhosted.org/packages/e4/fc/6800d0e5b3875568b4083ecf5f310dcf91d86d52573160834fb4bfcf5e4f/multidict-6.7.1-cp314-cp314t-manylinux1_i686.manylinux_2_28_i686.manylinux_2_5_i686.whl", hash = "sha256:17307b22c217b4cf05033dabefe68255a534d637c6c9b0cc8382718f87be4262", size = 239358, upload-time = "2026-01-26T02:45:44.376Z" },
    { url = "https://files.pythonhosted.org/packages/41/75/4ad0973179361cdf3a113905e6e088173198349131be2b390f9fa4da5fc6/multidict-6.7.1-cp314-cp314t-manylinux2014_aarch64.manylinux_2_17_aarch64.manylinux_2_28_aarch64.whl", hash = "sha256:7a7e590ff876a3eaf1c02a4dfe0724b6e69a9e9de6d8f556816f29c496046e59", size = 246884, upload-time = "2026-01-26T02:45:47.167Z" },
    { url = "https://files.pythonhosted.org/packages/c3/9c/095bb28b5da139bd41fb9a5d5caff412584f377914bd8787c2aa98717130/multidict-6.7.1-cp314-cp314t-manylinux2014_armv7l.manylinux_2_17_armv7l.manylinux_2_31_armv7l.whl", hash = "sha256:5fa6a95dfee63893d80a34758cd0e0c118a30b8dcb46372bf75106c591b77889", size = 225878, upload-time = "2026-01-26T02:45:48.698Z" },
    { url = "https://files.pythonhosted.org/packages/07/d0/c0a72000243756e8f5a277b6b514fa005f2c73d481b7d9e47cd4568aa2e4/multidict-6.7.1-cp314-cp314t-manylinux2014_ppc64le.manylinux_2_17_ppc64le.manylinux_2_28_ppc64le.whl", hash = "sha256:a0543217a6a017692aa6ae5cc39adb75e587af0f3a82288b1492eb73dd6cc2a4", size = 253542, upload-time = "2026-01-26T02:45:50.164Z" },
    { url = "https://files.pythonhosted.org/packages/c0/6b/f69da15289e384ecf2a68837ec8b5ad8c33e973aa18b266f50fe55f24b8c/multidict-6.7.1-cp314-cp314t-manylinux2014_s390x.manylinux_2_17_s390x.manylinux_2_28_s390x.whl", hash = "sha256:f99fe611c312b3c1c0ace793f92464d8cd263cc3b26b5721950d977b006b6c4d", size = 252403, upload-time = "2026-01-26T02:45:51.779Z" },
    { url = "https://files.pythonhosted.org/packages/a2/76/b9669547afa5a1a25cd93eaca91c0da1c095b06b6d2d8ec25b713588d3a1/multidict-6.7.1-cp314-cp314t-manylinux2014_x86_64.manylinux_2_17_x86_64.manylinux_2_28_x86_64.whl", hash = "sha256:9004d8386d133b7e6135679424c91b0b854d2d164af6ea3f289f8f2761064609", size = 244889, upload-time = "2026-01-26T02:45:53.27Z" },
    { url = "https://files.pythonhosted.org/packages/7e/a9/a50d2669e506dad33cfc45b5d574a205587b7b8a5f426f2fbb2e90882588/multidict-6.7.1-cp314-cp314t-musllinux_1_2_aarch64.whl", hash = "sha256:e628ef0e6859ffd8273c69412a2465c4be4a9517d07261b33334b5ec6f3c7489", size = 241982, upload-time = "2026-01-26T02:45:54.919Z" },
    { url = "https://files.pythonhosted.org/packages/c5/bb/1609558ad8b456b4827d3c5a5b775c93b87878fd3117ed3db3423dfbce1b/multidict-6.7.1-cp314-cp314t-musllinux_1_2_armv7l.whl", hash = "sha256:841189848ba629c3552035a6a7f5bf3b02eb304e9fea7492ca220a8eda6b0e5c", size = 232415, upload-time = "2026-01-26T02:45:56.981Z" },
    { url = "https://files.pythonhosted.org/packages/d8/59/6f61039d2aa9261871e03ab9dc058a550d240f25859b05b67fd70f80d4b3/multidict-6.7.1-cp314-cp314t-musllinux_1_2_i686.whl", hash = "sha256:ce1bbd7d780bb5a0da032e095c951f7014d6b0a205f8318308140f1a6aba159e", size = 240337, upload-time = "2026-01-26T02:45:58.698Z" },
    { url = "https://files.pythonhosted.org/packages/a1/29/fdc6a43c203890dc2ae9249971ecd0c41deaedfe00d25cb6564b2edd99eb/multidict-6.7.1-cp314-cp314t-musllinux_1_2_ppc64le.whl", hash = "sha256:b26684587228afed0d50cf804cc71062cc9c1cdf55051c4c6345d372947b268c", size = 248788, upload-time = "2026-01-26T02:46:00.862Z" },
    { url = "https://files.pythonhosted.org/packages/a9/14/a153a06101323e4cf086ecee3faadba52ff71633d471f9685c42e3736163/multidict-6.7.1-cp314-cp314t-musllinux_1_2_s390x.whl", hash = "sha256:9f9af11306994335398293f9958071019e3ab95e9a707dc1383a35613f6abcb9", size = 242842, upload-time = "2026-01-26T02:46:02.824Z" },
    { url = "https://files.pythonhosted.org/packages/41/5f/604ae839e64a4a6efc80db94465348d3b328ee955e37acb24badbcd24d83/multidict-6.7.1-cp314-cp314t-musllinux_1_2_x86_64.whl", hash = "sha256:b4938326284c4f1224178a560987b6cf8b4d38458b113d9b8c1db1a836e640a2", size = 240237, upload-time = "2026-01-26T02:46:05.898Z" },
    { url = "https://files.pythonhosted.org/packages/5f/60/c3a5187bf66f6fb546ff4ab8fb5a077cbdd832d7b1908d4365c7f74a1917/multidict-6.7.1-cp314-cp314t-win32.whl", hash = "sha256:98655c737850c064a65e006a3df7c997cd3b220be4ec8fe26215760b9697d4d7", size = 48008, upload-time = "2026-01-26T02:46:07.468Z" },
    { url = "https://files.pythonhosted.org/packages/0c/f7/addf1087b860ac60e6f382240f64fb99f8bfb532bb06f7c542b83c29ca61/multidict-6.7.1-cp314-cp314t-win_amd64.whl", hash = "sha256:497bde6223c212ba11d462853cfa4f0ae6ef97465033e7dc9940cdb3ab5b48e5", size = 53542, upload-time = "2026-01-26T02:46:08.809Z" },
    { url = "https://files.pythonhosted.org/packages/4c/81/4629d0aa32302ef7b2ec65c75a728cc5ff4fa410c50096174c1632e70b3e/multidict-6.7.1-cp314-cp314t-win_arm64.whl", hash = "sha256:2bbd113e0d4af5db41d5ebfe9ccaff89de2120578164f86a5d17d5a576d1e5b2", size = 44719, upload-time = "2026-01-26T02:46:11.146Z" },
    { url = "https://files.pythonhosted.org/packages/81/08/7036c080d7117f28a4af526d794aab6a84463126db031b007717c1a6676e/multidict-6.7.1-py3-none-any.whl", hash = "sha256:55d97cc6dae627efa6a6e548885712d4864b81110ac76fa4e534c03819fa4a56", size = 12319, upload-time = "2026-01-26T02:46:44.004Z" },
]

[[package]]
name = "sanic"
version = "25.12.1"
source = { registry = "https://pypi.org/simple" }
dependencies = [
    { name = "aiofiles" },
    { name = "html5tagger" },
    { name = "httptools" },
    { name = "multidict" },
    { name = "sanic-routing" },
    { name = "setuptools" },
    { name = "tracerite" },
    { name = "typing-extensions" },
    { name = "ujson", marker = "implementation_name == 'cpython' and sys_platform != 'win32'" },
    { name = "uvloop", marker = "implementation_name == 'cpython' and sys_platform != 'win32'" },
    { name = "websockets" },
]
sdist = { url = "https://files.pythonhosted.org/packages/27/e2/a902611ef48d0cf942093ad297d079f76ec46133a7dc8d1181aa1ab94bd2/sanic-25.12.1.tar.gz", hash = "sha256:7b51bf608e4030f06a6c002cd08fed2872e4936527e63c9a8a97d5cd06a2b47f", size = 375519, upload-time = "2026-05-31T19:45:46.988Z" }
wheels = [
    { url = "https://files.pythonhosted.org/packages/9e/91/5ecd9a91374a7b2831cf183357ceeb609fdfc8b390adb5cac90a261fe1f8/sanic-25.12.1-py3-none-any.whl", hash = "sha256:3874f1fe0442e3b12ce4a3f6524f676d5d3c43839c6a4967d1b82fd8db53c0f3", size = 258466, upload-time = "2026-05-31T19:45:45.27Z" },
]

[[package]]
name = "sanic-routing"
version = "23.12.0"
source = { registry = "https://pypi.org/simple" }
sdist = { url = "https://files.pythonhosted.org/packages/d1/5c/2a7edd14fbccca3719a8d680951d4b25f986752c781c61ccf156a6d1ebff/sanic-routing-23.12.0.tar.gz", hash = "sha256:1dcadc62c443e48c852392dba03603f9862b6197fc4cba5bbefeb1ace0848b04", size = 29473, upload-time = "2023-12-31T09:28:36.992Z" }
wheels = [
    { url = "https://files.pythonhosted.org/packages/cf/e3/3425c9a8773807ac2c01d6a56c8521733f09b627e5827e733c5cd36b9ac5/sanic_routing-23.12.0-py3-none-any.whl", hash = "sha256:1558a72afcb9046ed3134a5edae02fc1552cff08f0fff2e8d5de0877ea43ed73", size = 25522, upload-time = "2023-12-31T09:28:35.233Z" },
]

[[package]]
name = "setuptools"
version = "83.0.0"
source = { registry = "https://pypi.org/simple" }
sdist = { url = "https://files.pythonhosted.org/packages/34/26/f5d29e25ffdb535afef2d35cdb55b325298f96debd670da4c325e08d70f4/setuptools-83.0.0.tar.gz", hash = "sha256:025bccbbf0fa05b6192bc64ae1e7b16e001fd6d6d4d5de03c97b1c1ade523bef", size = 1154254, upload-time = "2026-07-04T15:31:22.699Z" }
wheels = [
    { url = "https://files.pythonhosted.org/packages/5d/40/e1e72872c6354b306daef1703549e8e83b4d43cfea356311bf722a043752/setuptools-83.0.0-py3-none-any.whl", hash = "sha256:29b23c360f22f414dc7336bb39178cc7bcbf6021ed2733cde173f09dba19abb3", size = 1008090, upload-time = "2026-07-04T15:31:20.885Z" },
]

[[package]]
name = "tracerite"
version = "2.3.1"
source = { registry = "https://pypi.org/simple" }
dependencies = [
    { name = "html5tagger" },
]
sdist = { url = "https://files.pythonhosted.org/packages/15/b9/89b065c1818e5973c333a33311f823954ff4c7c48440c20b37669c5b752c/tracerite-2.3.1.tar.gz", hash = "sha256:f46ee672d240d500a2331781b09eb33564d473f6ae60cd871ebce6c2413cffa8", size = 61303, upload-time = "2025-12-30T22:51:19.32Z" }
wheels = [
    { url = "https://files.pythonhosted.org/packages/b6/62/3f385a67ff3cc91209f107d20bbebdecf7a4e4aba55a43f9f71bddc424a9/tracerite-2.3.1-py3-none-any.whl", hash = "sha256:5f9595ba90f075b58e14a9baf84d8204fec3cdce50029f1c32d757af79d9ccbe", size = 65884, upload-time = "2025-12-30T22:51:18.1Z" },
]

[[package]]
name = "typing-extensions"
version = "4.16.0"
source = { registry = "https://pypi.org/simple" }
sdist = { url = "https://files.pythonhosted.org/packages/f6/cc/6253133b5bb138fc3306cebfbda2c520f545d36b5be2c7255cc528bb45d6/typing_extensions-4.16.0.tar.gz", hash = "sha256:dc983d19a509c94dba722ee6abd33940f7c05a89e243c47e907eb4db6f1a43e5", size = 113555, upload-time = "2026-07-02T08:40:05.92Z" }
wheels = [
    { url = "https://files.pythonhosted.org/packages/49/d3/b8441a820a491ddfc024b0b0cf0393375b75ea13866d9c66727e54c2fc80/typing_extensions-4.16.0-py3-none-any.whl", hash = "sha256:481caa481374e813c1b176ada14e97f1f67a4539ce9cfeb3f350d78d6370c2e8", size = 45571, upload-time = "2026-07-02T08:40:04.659Z" },
]

[[package]]
name = "ujson"
version = "5.13.0"
source = { registry = "https://pypi.org/simple" }
sdist = { url = "https://files.pythonhosted.org/packages/89/7a/c8bb37c8f6f3623d60c33d15d18cd6d6655d0f9c3eb31a9969f76361b199/ujson-5.13.0.tar.gz", hash = "sha256:d62e3d7625384c08082abad81a077af587fdef2761bb14c3822f4234b8d07d75", size = 7166784, upload-time = "2026-06-14T22:36:50.209Z" }
wheels = [
    { url = "https://files.pythonhosted.org/packages/1c/9a/b5139d696f5328f3cab70b9ec046f15e3f49497a4de6280974640602f539/ujson-5.13.0-cp314-cp314-macosx_10_15_x86_64.whl", hash = "sha256:cc9dfd41fed397ab03bb9d9fe1cbd83301211c772a17536033ce7d68877ac82b", size = 56897, upload-time = "2026-06-14T22:35:57.974Z" },
    { url = "https://files.pythonhosted.org/packages/53/55/477183aeddfdf0f88ae039ffee0ed866cfb993da0c0c9aa915807554aef8/ujson-5.13.0-cp314-cp314-macosx_11_0_arm64.whl", hash = "sha256:ca7ef2fa6c408a7c0f558e4d33d93b32ddc35ed6d3cfc505747931a64b7465d5", size = 54451, upload-time = "2026-06-14T22:35:58.932Z" },
    { url = "https://files.pythonhosted.org/packages/ea/63/55e5f23e156b4c8bca095d828b4cd3180c0b42aa3501ef88836d79606fea/ujson-5.13.0-cp314-cp314-manylinux1_i686.manylinux2014_i686.manylinux_2_17_i686.manylinux_2_5_i686.whl", hash = "sha256:a554b2e5bee85030369514cef8b0b913cebe1a4c2c0c13541966d50bcba22b1a", size = 60053, upload-time = "2026-06-14T22:35:59.969Z" },
    { url = "https://files.pythonhosted.org/packages/26/b6/08c6cf5548bd6f4bb557c9fa7e8edf87324bb04c17249d1966028d61dde0/ujson-5.13.0-cp314-cp314-manylinux2014_aarch64.manylinux_2_17_aarch64.whl", hash = "sha256:ea939ff629ab03ae970d03eca6d1febd8ed55ba38ca44aec64ce997537cd3fa0", size = 53481, upload-time = "2026-06-14T22:36:01.007Z" },
    { url = "https://files.pythonhosted.org/packages/6e/b3/0ac9a03551467784067f505df1bb875c639ba32f1da79ce467ab15911ada/ujson-5.13.0-cp314-cp314-manylinux2014_x86_64.manylinux_2_17_x86_64.whl", hash = "sha256:b98bf2faa5e37ecfe752226ea08290031e375a0c43d425a0b955fb3e702a2a71", size = 55058, upload-time = "2026-06-14T22:36:02.297Z" },
    { url = "https://files.pythonhosted.org/packages/ba/be/ec91029aec067174473d022fa0f6c3c1431a173f888d7599739f05c668eb/ujson-5.13.0-cp314-cp314-manylinux_2_24_aarch64.manylinux_2_28_aarch64.whl", hash = "sha256:9a4b92344b16e414aeb609e57f62c466500e53c94f1698f5b149dc0b7223ec3e", size = 58225, upload-time = "2026-06-14T22:36:03.321Z" },
    { url = "https://files.pythonhosted.org/packages/29/33/a948f329252ece3f9c93d177243de6e677927ebc6ac44256742dbbef3c39/ujson-5.13.0-cp314-cp314-manylinux_2_24_x86_64.manylinux_2_28_x86_64.whl", hash = "sha256:7df805aad707507a1fa165fb716218ca3a89f142125dc4b23c9fcc08fa402d97", size = 57930, upload-time = "2026-06-14T22:36:04.385Z" },
    { url = "https://files.pythonhosted.org/packages/f1/0c/c33655218b8e0a8adbf066de0b999cae5c324061f3eaa4dda17423145d9e/ujson-5.13.0-cp314-cp314-musllinux_1_2_aarch64.whl", hash = "sha256:7576bdbef327c3528f011002a2d74486f6fe4e33289bdb7a042b7f1a6e9d8285", size = 1037728, upload-time = "2026-06-14T22:36:05.467Z" },
    { url = "https://files.pythonhosted.org/packages/2c/bd/d286947525ea7ce3f2d8dc55c15b9ffbe425bc455c96af7b8f8a402599a9/ujson-5.13.0-cp314-cp314-musllinux_1_2_i686.whl", hash = "sha256:6eee5d7cce3f32a468905f9ff61807a60287a90258d849460f6fa826e810870d", size = 1197146, upload-time = "2026-06-14T22:36:06.839Z" },
    { url = "https://files.pythonhosted.org/packages/3c/3c/9eb916377050b0785f048a34588c1c390ddd41ae00b78db68ee1ad022356/ujson-5.13.0-cp314-cp314-musllinux_1_2_x86_64.whl", hash = "sha256:144e9d8a454cfa727e0f755e1863738ed68068583bda5463052cb446835bd56c", size = 1090223, upload-time = "2026-06-14T22:36:08.329Z" },
    { url = "https://files.pythonhosted.org/packages/12/e9/1c543837c6a3c6672361882a0fa269bd02daf9cc4c0ca88a9dccd9df98d9/ujson-5.13.0-cp314-cp314t-macosx_10_15_x86_64.whl", hash = "sha256:69b4e36bb7d5f413ba8c00c8006b2ec627cc5ace97301462f6aadb66ec9d2979", size = 57402, upload-time = "2026-06-14T22:36:13.238Z" },
    { url = "https://files.pythonhosted.org/packages/99/e4/39862f0f7174ff07cfd1e2d0c9065ded34aeebdb7db8daf2f0e5bf89b46f/ujson-5.13.0-cp314-cp314t-macosx_11_0_arm64.whl", hash = "sha256:8b644d50f66de5490c1823c7176618cead5e8e8a88cba9f40a6308ca52e79267", size = 54973, upload-time = "2026-06-14T22:36:14.432Z" },
    { url = "https://files.pythonhosted.org/packages/02/66/f53d3b32c3f177f846ca6b624e832f29000d8a213a2d8768e254bd470ced/ujson-5.13.0-cp314-cp314t-manylinux1_i686.manylinux2014_i686.manylinux_2_17_i686.manylinux_2_5_i686.whl", hash = "sha256:15107aaa4f559d55201165ec32abb35c283a861be1fa67229578cb7d93fcd93a", size = 60683, upload-time = "2026-06-14T22:36:15.806Z" },
    { url = "https://files.pythonhosted.org/packages/e6/d4/dddc4646d2633c85c938c2ded7d5a9711cdad5be1e13b31b7dad76f61c83/ujson-5.13.0-cp314-cp314t-manylinux2014_aarch64.manylinux_2_17_aarch64.whl", hash = "sha256:6e343c5f0c058523f1edbf6ae4eceb4e0d934205a53bbdd8d9a945c83324662a", size = 54167, upload-time = "2026-06-14T22:36:16.952Z" },
    { url = "https://files.pythonhosted.org/packages/5f/c0/d8608c3f4d3f05e6441364b63fde1d279700135c1a6577a773662c07fbcc/ujson-5.13.0-cp314-cp314t-manylinux2014_x86_64.manylinux_2_17_x86_64.whl", hash = "sha256:02200035bc80e830f076ffc1b329a94c295aee6d9de8c9043647cb9a7bd4f76f", size = 55568, upload-time = "2026-06-14T22:36:17.975Z" },
    { url = "https://files.pythonhosted.org/packages/22/8e/dd12b735aaba0806c3d70c18184d50e1f9712e0757c7c0a4f376450cfe28/ujson-5.13.0-cp314-cp314t-manylinux_2_24_aarch64.manylinux_2_28_aarch64.whl", hash = "sha256:d7f19b81b73ff28f5c5022ee794f94122bfcda07a76423078e349465d71223a1", size = 59086, upload-time = "2026-06-14T22:36:19.071Z" },
    { url = "https://files.pythonhosted.org/packages/48/43/ad41e8752d5ec3a590a5e7b426a54e36b7aab911d9b5a4f7384dc62507ab/ujson-5.13.0-cp314-cp314t-manylinux_2_24_x86_64.manylinux_2_28_x86_64.whl", hash = "sha256:82e1393e6dbe3c95fdfc95c6c528890e191351a1f024ef51126cf1f22543af52", size = 58667, upload-time = "2026-06-14T22:36:20.171Z" },
    { url = "https://files.pythonhosted.org/packages/e1/8e/b44a6afb77b94118655c029081b7932d64bb4c5b1c8ba2b7f5808b5d0bc2/ujson-5.13.0-cp314-cp314t-musllinux_1_2_aarch64.whl", hash = "sha256:38afcf994b28ed85ea2420e2a8d79a37d0a77348b3daf53850c16edda66f942d", size = 1038553, upload-time = "2026-06-14T22:36:21.245Z" },
    { url = "https://files.pythonhosted.org/packages/7e/93/fab1d786174c8780eb3e386c73f1925a435e97fbf77c957fea4fca83994d/ujson-5.13.0-cp314-cp314t-musllinux_1_2_i686.whl", hash = "sha256:1bdf2518971586f2b413156c49d9dd8b56cc990a8647081e1bd00af60564d469", size = 1197938, upload-time = "2026-06-14T22:36:22.585Z" },
    { url = "https://files.pythonhosted.org/packages/f3/bc/2f073bb708f9d128f5d1cb39063a5f6421b1ce94c61be8661c55a189f407/ujson-5.13.0-cp314-cp314t-musllinux_1_2_x86_64.whl", hash = "sha256:751ad01042472f1c7c02f5c597c7aee79834e82a6cc384ca302173bbc8e8deb8", size = 1090938, upload-time = "2026-06-14T22:36:23.947Z" },
]

[[package]]
name = "uvloop"
version = "0.22.1"
source = { registry = "https://pypi.org/simple" }
sdist = { url = "https://files.pythonhosted.org/packages/06/f0/18d39dbd1971d6d62c4629cc7fa67f74821b0dc1f5a77af43719de7936a7/uvloop-0.22.1.tar.gz", hash = "sha256:6c84bae345b9147082b17371e3dd5d42775bddce91f885499017f4607fdaf39f", size = 2443250, upload-time = "2025-10-16T22:17:19.342Z" }
wheels = [
    { url = "https://files.pythonhosted.org/packages/90/cd/b62bdeaa429758aee8de8b00ac0dd26593a9de93d302bff3d21439e9791d/uvloop-0.22.1-cp314-cp314-macosx_10_13_universal2.whl", hash = "sha256:3879b88423ec7e97cd4eba2a443aa26ed4e59b45e6b76aabf13fe2f27023a142", size = 1362067, upload-time = "2025-10-16T22:16:44.503Z" },
    { url = "https://files.pythonhosted.org/packages/0d/f8/a132124dfda0777e489ca86732e85e69afcd1ff7686647000050ba670689/uvloop-0.22.1-cp314-cp314-macosx_10_13_x86_64.whl", hash = "sha256:4baa86acedf1d62115c1dc6ad1e17134476688f08c6efd8a2ab076e815665c74", size = 752423, upload-time = "2025-10-16T22:16:45.968Z" },
    { url = "https://files.pythonhosted.org/packages/a3/94/94af78c156f88da4b3a733773ad5ba0b164393e357cc4bd0ab2e2677a7d6/uvloop-0.22.1-cp314-cp314-manylinux2014_aarch64.manylinux_2_17_aarch64.manylinux_2_28_aarch64.whl", hash = "sha256:297c27d8003520596236bdb2335e6b3f649480bd09e00d1e3a99144b691d2a35", size = 4272437, upload-time = "2025-10-16T22:16:47.451Z" },
    { url = "https://files.pythonhosted.org/packages/b5/35/60249e9fd07b32c665192cec7af29e06c7cd96fa1d08b84f012a56a0b38e/uvloop-0.22.1-cp314-cp314-manylinux2014_x86_64.manylinux_2_17_x86_64.manylinux_2_28_x86_64.whl", hash = "sha256:c1955d5a1dd43198244d47664a5858082a3239766a839b2102a269aaff7a4e25", size = 4292101, upload-time = "2025-10-16T22:16:49.318Z" },
    { url = "https://files.pythonhosted.org/packages/02/62/67d382dfcb25d0a98ce73c11ed1a6fba5037a1a1d533dcbb7cab033a2636/uvloop-0.22.1-cp314-cp314-musllinux_1_2_aarch64.whl", hash = "sha256:b31dc2fccbd42adc73bc4e7cdbae4fc5086cf378979e53ca5d0301838c5682c6", size = 4114158, upload-time = "2025-10-16T22:16:50.517Z" },
    { url = "https://files.pythonhosted.org/packages/f0/7a/f1171b4a882a5d13c8b7576f348acfe6074d72eaf52cccef752f748d4a9f/uvloop-0.22.1-cp314-cp314-musllinux_1_2_x86_64.whl", hash = "sha256:93f617675b2d03af4e72a5333ef89450dfaa5321303ede6e67ba9c9d26878079", size = 4177360, upload-time = "2025-10-16T22:16:52.646Z" },
    { url = "https://files.pythonhosted.org/packages/79/7b/b01414f31546caf0919da80ad57cbfe24c56b151d12af68cee1b04922ca8/uvloop-0.22.1-cp314-cp314t-macosx_10_13_universal2.whl", hash = "sha256:37554f70528f60cad66945b885eb01f1bb514f132d92b6eeed1c90fd54ed6289", size = 1454790, upload-time = "2025-10-16T22:16:54.355Z" },
    { url = "https://files.pythonhosted.org/packages/d4/31/0bb232318dd838cad3fa8fb0c68c8b40e1145b32025581975e18b11fab40/uvloop-0.22.1-cp314-cp314t-macosx_10_13_x86_64.whl", hash = "sha256:b76324e2dc033a0b2f435f33eb88ff9913c156ef78e153fb210e03c13da746b3", size = 796783, upload-time = "2025-10-16T22:16:55.906Z" },
    { url = "https://files.pythonhosted.org/packages/42/38/c9b09f3271a7a723a5de69f8e237ab8e7803183131bc57c890db0b6bb872/uvloop-0.22.1-cp314-cp314t-manylinux2014_aarch64.manylinux_2_17_aarch64.manylinux_2_28_aarch64.whl", hash = "sha256:badb4d8e58ee08dad957002027830d5c3b06aea446a6a3744483c2b3b745345c", size = 4647548, upload-time = "2025-10-16T22:16:57.008Z" },
    { url = "https://files.pythonhosted.org/packages/c1/37/945b4ca0ac27e3dc4952642d4c900edd030b3da6c9634875af6e13ae80e5/uvloop-0.22.1-cp314-cp314t-manylinux2014_x86_64.manylinux_2_17_x86_64.manylinux_2_28_x86_64.whl", hash = "sha256:b91328c72635f6f9e0282e4a57da7470c7350ab1c9f48546c0f2866205349d21", size = 4467065, upload-time = "2025-10-16T22:16:58.206Z" },
    { url = "https://files.pythonhosted.org/packages/97/cc/48d232f33d60e2e2e0b42f4e73455b146b76ebe216487e862700457fbf3c/uvloop-0.22.1-cp314-cp314t-musllinux_1_2_aarch64.whl", hash = "sha256:daf620c2995d193449393d6c62131b3fbd40a63bf7b307a1527856ace637fe88", size = 4328384, upload-time = "2025-10-16T22:16:59.36Z" },
    { url = "https://files.pythonhosted.org/packages/e4/16/c1fd27e9549f3c4baf1dc9c20c456cd2f822dbf8de9f463824b0c0357e06/uvloop-0.22.1-cp314-cp314t-musllinux_1_2_x86_64.whl", hash = "sha256:6cde23eeda1a25c75b2e07d39970f3374105d5eafbaab2a4482be82f272d5a5e", size = 4296730, upload-time = "2025-10-16T22:17:00.744Z" },
]

[[package]]
name = "websockets"
version = "16.1"
source = { registry = "https://pypi.org/simple" }
sdist = { url = "https://files.pythonhosted.org/packages/8c/02/b9a097e1e16fee4e2fd1ec8c39f6a9c5d6257bae8fa12640caf869f54436/websockets-16.1.tar.gz", hash = "sha256:299468cbe42e2b9981134c7c51d99387d8a7bf562b00183b3eec53f882846dad", size = 182530, upload-time = "2026-07-10T06:32:57.734Z" }
wheels = [
    { url = "https://files.pythonhosted.org/packages/8d/e6/da1dc11507f8118145a81c751fe0c77e5e1c11b8554496addb39389e2dc2/websockets-16.1-cp314-cp314-macosx_10_15_universal2.whl", hash = "sha256:f881fca0a45dd6789939bd6637cd98169b92f1c3fdc78262f2cb9ec2cb1f324e", size = 179833, upload-time = "2026-07-10T06:31:58.19Z" },
    { url = "https://files.pythonhosted.org/packages/6e/ac/c0d46f62e31e232487b2c123bc3cfd9a4e45684ca7dc0c37f0987f29baae/websockets-16.1-cp314-cp314-macosx_10_15_x86_64.whl", hash = "sha256:30c379d5b207d3a7f0ba4c2e4602a895b0bcc63fb5f5371a4ae7fbddb03b672b", size = 177524, upload-time = "2026-07-10T06:31:59.563Z" },
    { url = "https://files.pythonhosted.org/packages/4a/33/abd966074b34a51e4f134e0aaed80f5a4a0a35163ea5ac58a1bc5a076d23/websockets-16.1-cp314-cp314-macosx_11_0_arm64.whl", hash = "sha256:98ab58a4faa72b46da0127ccc1931dcbfc0985b0778892300a092185910c4cbe", size = 177743, upload-time = "2026-07-10T06:32:00.959Z" },
    { url = "https://files.pythonhosted.org/packages/ea/30/646e47b8a8dff04e227bdab512e6dde60663a647eeac7bbd6edddd92bbc5/websockets-16.1-cp314-cp314-manylinux1_x86_64.manylinux_2_28_x86_64.manylinux_2_5_x86_64.whl", hash = "sha256:8e9c4e369fc181b2d41a99e01477215cecdc8546a39f7d41a59cc0a7065a0b09", size = 187474, upload-time = "2026-07-10T06:32:02.54Z" },
    { url = "https://files.pythonhosted.org/packages/d2/72/890ab9d77494af93ea65268230bfbc0a90ba789401ed7a44356a44785644/websockets-16.1-cp314-cp314-manylinux2014_aarch64.manylinux_2_17_aarch64.manylinux_2_28_aarch64.whl", hash = "sha256:0704df094b2d5fa7f6f410925a594c2a5c9a09167731a76292e5410934208209", size = 188717, upload-time = "2026-07-10T06:32:04.156Z" },
    { url = "https://files.pythonhosted.org/packages/d5/aa/baedbbaa6bf9ed6029617ed5e8976535bd805f483ca9b3484e7ad9ee08bf/websockets-16.1-cp314-cp314-manylinux2014_armv7l.manylinux_2_17_armv7l.manylinux_2_31_armv7l.whl", hash = "sha256:b22b1f4950f6ab7126623329c3b47b3b90a14c05db517f2db2a026ad6c928352", size = 190090, upload-time = "2026-07-10T06:32:05.822Z" },
    { url = "https://files.pythonhosted.org/packages/52/4f/d813ec94e18002571ef4959d87a630eff6e01b72a51bcb0832b75ae8c51a/websockets-16.1-cp314-cp314-manylinux2014_ppc64le.manylinux_2_17_ppc64le.manylinux_2_28_ppc64le.whl", hash = "sha256:1ae4a686a662964a6671069f84f7f908cc3475e782227726b0c622c715962105", size = 189320, upload-time = "2026-07-10T06:32:07.223Z" },
    { url = "https://files.pythonhosted.org/packages/b8/3c/8ec52a6662f3df64090fba28cd521d405d54759268d8e820477037e8c80d/websockets-16.1-cp314-cp314-manylinux2014_s390x.manylinux_2_17_s390x.manylinux_2_28_s390x.whl", hash = "sha256:856bdd638f8277f86465057bfdd4da097c73058fb0f9d2bd5baea29e2bf2d367", size = 188068, upload-time = "2026-07-10T06:32:08.586Z" },
    { url = "https://files.pythonhosted.org/packages/96/7f/f0ae6042b14f86fa5f996c6563ea4cf107adc036ccbedc9d4f418d0095f9/websockets-16.1-cp314-cp314-manylinux_2_31_riscv64.manylinux_2_39_riscv64.whl", hash = "sha256:9003a1fde1c21a322a3ca3fa0c4bda8c639da81dbc925162766086643b05ba87", size = 185493, upload-time = "2026-07-10T06:32:09.968Z" },
    { url = "https://files.pythonhosted.org/packages/89/ad/5ffc53af9939c49fd653d147fa5b8f78ced1f6bce6c49a7446860945b0ce/websockets-16.1-cp314-cp314-musllinux_1_2_aarch64.whl", hash = "sha256:39e947b1f5fdab045174306e3916785bf3ed537648acc1549827c08c33b10953", size = 188141, upload-time = "2026-07-10T06:32:11.434Z" },
    { url = "https://files.pythonhosted.org/packages/67/62/729206c0ee577a4db8eae6dd06e0eef725a1287c6df11b2ef831d003df31/websockets-16.1-cp314-cp314-musllinux_1_2_armv7l.whl", hash = "sha256:5dd0e666b5931c0509cf65714686a1c5126771e663a79ac5d40da4f58b1f9502", size = 186653, upload-time = "2026-07-10T06:32:12.845Z" },
    { url = "https://files.pythonhosted.org/packages/1b/86/e8806a99ec4589914f255e6b658853fe537bf359c05e6ba5762ad9c27917/websockets-16.1-cp314-cp314-musllinux_1_2_ppc64le.whl", hash = "sha256:a0285df7925657ad65a65fb8dc330808bce082827538fd50ef45fa12d1fc5bca", size = 188614, upload-time = "2026-07-10T06:32:14.236Z" },
    { url = "https://files.pythonhosted.org/packages/89/38/ac554e2fc6ff0b8deeff9798b92e7abd8f99e2bd9731532e7033de208220/websockets-16.1-cp314-cp314-musllinux_1_2_riscv64.whl", hash = "sha256:82d1c2cab3c133e9d059b3a5420bed9376bd30e21c185c63dda4ddadf6ddda47", size = 186165, upload-time = "2026-07-10T06:32:15.626Z" },
    { url = "https://files.pythonhosted.org/packages/6c/c5/4ef4d8e53342f94f3c49e1ae089b32c1e8b3878e15e0022c7708c647f351/websockets-16.1-cp314-cp314-musllinux_1_2_s390x.whl", hash = "sha256:c39907f1eaf11f6277def65aa02d68f30576b693d0c1ca332aafa3caa723ac6d", size = 187119, upload-time = "2026-07-10T06:32:17.114Z" },
    { url = "https://files.pythonhosted.org/packages/3a/33/4788b1dd417bd97eeb2698af3b9df6775ac656f96e9987da0419a067602f/websockets-16.1-cp314-cp314-musllinux_1_2_x86_64.whl", hash = "sha256:45c5ea55446171949eb99fd34b771ceddd511ca21958d40d0197ced33159e5ee", size = 187411, upload-time = "2026-07-10T06:32:18.629Z" },
    { url = "https://files.pythonhosted.org/packages/30/38/00d37aad6dc3244ce349e2864815362e50b3cfc00cac28d216db20efe40f/websockets-16.1-cp314-cp314-win32.whl", hash = "sha256:b8ef8b1c8d6bd029a475ac432e730fba2dfd456715d26c473e2a82291024b99c", size = 179822, upload-time = "2026-07-10T06:32:20.233Z" },
    { url = "https://files.pythonhosted.org/packages/9d/37/2a8cb0eaddee5eaebda47a90a3ba0898d1ce3d866b02a4857fea17d82e5b/websockets-16.1-cp314-cp314-win_amd64.whl", hash = "sha256:7358ff21632b5d062707f73e859c824f1c3807e73d8ca25e71caca7c4cdcf145", size = 180167, upload-time = "2026-07-10T06:32:21.749Z" },
    { url = "https://files.pythonhosted.org/packages/07/5a/262ad5fcaef4198997b165060f09a63f861e76939b1786ab546ccc3f8120/websockets-16.1-cp314-cp314t-macosx_10_15_universal2.whl", hash = "sha256:d0f38f4c3e9b359e257c339c2cc1967ccaeedb102e57c1c986bdce4bf4f32268", size = 180166, upload-time = "2026-07-10T06:32:23.278Z" },
    { url = "https://files.pythonhosted.org/packages/1a/c7/36377db690f4292826e4501a6dec2801dc55fd1cf0405923b04937e478df/websockets-16.1-cp314-cp314t-macosx_10_15_x86_64.whl", hash = "sha256:3c3d2cbd1602593bad49bd86fa3fbb25407d87a3b4bf8857c0ac5ac4914e1901", size = 177697, upload-time = "2026-07-10T06:32:25.164Z" },
    { url = "https://files.pythonhosted.org/packages/fa/c7/07171abce1e39799a76f473608580fe98bd43a1230f5146159622c02bccf/websockets-16.1-cp314-cp314t-macosx_11_0_arm64.whl", hash = "sha256:36069b74671e7e667f48a7484249f84c45a825a134c8b1bdc01875d0daa10d79", size = 177902, upload-time = "2026-07-10T06:32:26.564Z" },
    { url = "https://files.pythonhosted.org/packages/14/17/c831f48e250bc4749f57c00dcce73337c41cd32f6d59a64567b84e782601/websockets-16.1-cp314-cp314t-manylinux1_x86_64.manylinux_2_28_x86_64.manylinux_2_5_x86_64.whl", hash = "sha256:587f83c2ce8a5d628e166384d77fa7f0ac69b9007d515ab442123e6615aa8da3", size = 187766, upload-time = "2026-07-10T06:32:27.981Z" },
    { url = "https://files.pythonhosted.org/packages/2c/2e/4dfe63e245b0ecfaf470cf082d25c6ce35808159135fd88c82653a6b11ab/websockets-16.1-cp314-cp314t-manylinux2014_aarch64.manylinux_2_17_aarch64.manylinux_2_28_aarch64.whl", hash = "sha256:4a6db7972d52bc1b66cefe2246902e256cbaebc9ba8a45eac09343d7eb6671b2", size = 188939, upload-time = "2026-07-10T06:32:29.365Z" },
    { url = "https://files.pythonhosted.org/packages/ba/e5/5faf65aebd9562f6b4bc473d24ce38cc56f84eb5f5bee66ed9b86733f93c/websockets-16.1-cp314-cp314t-manylinux2014_armv7l.manylinux_2_17_armv7l.manylinux_2_31_armv7l.whl", hash = "sha256:e7d6014888a0632e1ed7a4095248bb3095232999447f2d83bfb1900987dd9ed9", size = 191081, upload-time = "2026-07-10T06:32:30.868Z" },
    { url = "https://files.pythonhosted.org/packages/49/cd/2634f2f2c0556c1aae6501ed6840019cc569dd6fdbcac6494378daea4dc0/websockets-16.1-cp314-cp314t-manylinux2014_ppc64le.manylinux_2_17_ppc64le.manylinux_2_28_ppc64le.whl", hash = "sha256:9cb074d150e4ad2a77aa8a332c2be85f3f64f2681519d2570c1225c12c9821ff", size = 189513, upload-time = "2026-07-10T06:32:32.399Z" },
    { url = "https://files.pythonhosted.org/packages/59/bb/2c700b51196104f09715b326b1f092ed25326bdf79a03e00a4842e503743/websockets-16.1-cp314-cp314t-manylinux2014_s390x.manylinux_2_17_s390x.manylinux_2_28_s390x.whl", hash = "sha256:d19c9067e1fe9490f974bffbc0e443b80a7674c5efb4980c429cc00771f07c5a", size = 188240, upload-time = "2026-07-10T06:32:33.897Z" },
    { url = "https://files.pythonhosted.org/packages/f1/20/86283636e499a1a357fa9441f690ba34f255e731f2fea174132b3b762b57/websockets-16.1-cp314-cp314t-manylinux_2_31_riscv64.manylinux_2_39_riscv64.whl", hash = "sha256:d440ff0c6c7469ad59c0a412c383c235935b43635e89425e3f6a0c36de90c31b", size = 185955, upload-time = "2026-07-10T06:32:35.279Z" },
    { url = "https://files.pythonhosted.org/packages/91/23/d7fb734b0095d43bc7f1c9f68afd50adb4176e7e513403e8c70ad7daa4fa/websockets-16.1-cp314-cp314t-musllinux_1_2_aarch64.whl", hash = "sha256:8613129a2533f08de24505e69a3e403cedaadae49abdb043c4d170ca71b7e4bd", size = 188491, upload-time = "2026-07-10T06:32:36.673Z" },
    { url = "https://files.pythonhosted.org/packages/6a/5e/168a192689db468405ecf3b8e4a2c18811936b0724d017ad7e6d252734f0/websockets-16.1-cp314-cp314t-musllinux_1_2_armv7l.whl", hash = "sha256:a5bf9c23f197b4ec88290fd5463f33db67362a1bb10f85fc2e8e7627f0ddab97", size = 186983, upload-time = "2026-07-10T06:32:38.207Z" },
    { url = "https://files.pythonhosted.org/packages/7e/9b/66795fa91ebe49019ebe4fa910282172252e37046b80e08fc52e0c365150/websockets-16.1-cp314-cp314t-musllinux_1_2_ppc64le.whl", hash = "sha256:520b0fd0395f075febb283c76755af724ab9fd19dffa4f3bfd18cb4e622790a3", size = 188890, upload-time = "2026-07-10T06:32:39.545Z" },
    { url = "https://files.pythonhosted.org/packages/5a/32/126bbc844be5afb3613fd43211dac10a9645f4cf39741d04acaa2ec7030c/websockets-16.1-cp314-cp314t-musllinux_1_2_riscv64.whl", hash = "sha256:7143aa09a67e1c013be44e81a88dfe90fc6244198ab86c7edd064152cf619805", size = 186583, upload-time = "2026-07-10T06:32:41.038Z" },
    { url = "https://files.pythonhosted.org/packages/22/b9/0b5db9cbcf6e4970db4496893244a8d92e07f71a8ef27cf34b08aa02fef1/websockets-16.1-cp314-cp314t-musllinux_1_2_s390x.whl", hash = "sha256:7acb811fad08e611755800d1560e395c67e11a6bd563598ea6abb319afb86938", size = 187353, upload-time = "2026-07-10T06:32:42.501Z" },
    { url = "https://files.pythonhosted.org/packages/99/2e/254b2131a10d831b76e2c18dfe7add9729c6292c674a8085bf8de01ad151/websockets-16.1-cp314-cp314t-musllinux_1_2_x86_64.whl", hash = "sha256:c5cf88e3faa2f7931bc6baeee7599c97656a3f6ac7f831f4fccba233e141783a", size = 187784, upload-time = "2026-07-10T06:32:43.929Z" },
    { url = "https://files.pythonhosted.org/packages/21/dc/e7288aa8e3ac5a88a0924619984d663c1abf2a87d0ea98290c66fdaee0ec/websockets-16.1-cp314-cp314t-win32.whl", hash = "sha256:589f8842521c8307684ce0b40ce4ad70c5e0aa46484c6f1225a94ef4b8970341", size = 179947, upload-time = "2026-07-10T06:32:45.495Z" },
    { url = "https://files.pythonhosted.org/packages/d3/de/37edf1260ff0fbbd2f82433489c4cfbe799ac2ff21355331609879329fe6/websockets-16.1-cp314-cp314t-win_amd64.whl", hash = "sha256:2c0e0857c30bbbc2bb5c30687508f0b7ec19aa026cd9f2ff8424d0fee42dcc07", size = 180291, upload-time = "2026-07-10T06:32:47.119Z" },
    { url = "https://files.pythonhosted.org/packages/66/58/bd83247f39ddc26ffc2c24eb05087a3b749e00cb4509fc6d19daa23c8495/websockets-16.1-py3-none-any.whl", hash = "sha256:c5149dfe490ec7e5ee5dbf624c642fb725f93a5575c7f00ab594ca9eddb8dd81", size = 174031, upload-time = "2026-07-10T06:32:56.079Z" },
]
